
Microsoft Visual Studio Solution File, Format Version 12.00
# Visual Studio Version 16
VisualStudioVersion = 16.0.29911.84
MinimumVisualStudioVersion = 10.0.40219.1
Project("{FAE04EC0-301F-11D3-BF4B-00C04F79EFBC}") = "xamarinForms.Android", "xamarinForms\xamarinForms.Android\xamarinForms.Android.csproj", "{82C91C7E-132E-4616-B8BD-D30877D94F47}"
EndProject
Project("{FAE04EC0-301F-11D3-BF4B-00C04F79EFBC}") = "xamarinForms.iOS", "xamarinForms\xamarinForms.iOS\xamarinForms.iOS.csproj", "{70FF56E4-FB4B-487B-AECD-B9D58CCBDD44}"
EndProject
Project("{FAE04EC0-301F-11D3-BF4B-00C04F79EFBC}") = "xamarinForms", "xamarinForms\xamarinForms\xamarinForms.csproj", "{97730D0F-F7CC-40E9-AD3B-947D554EA950}"
EndProject
Global
	GlobalSection(SolutionConfigurationPlatforms) = preSolution
		Debug|Any CPU = Debug|Any CPU
		Debug|iPhone = Debug|iPhone
		Debug|iPhoneSimulator = Debug|iPhoneSimulator
		Release|Any CPU = Release|Any CPU
		Release|iPhone = Release|iPhone
		Release|iPhoneSimulator = Release|iPhoneSimulator
	EndGlobalSection
	GlobalSection(ProjectConfigurationPlatforms) = postSolution
		{82C91C7E-132E-4616-B8BD-D30877D94F47}.Debug|Any CPU.ActiveCfg = Debug|Any CPU
		{82C91C7E-132E-4616-B8BD-D30877D94F47}.Debug|Any CPU.Build.0 = Debug|Any CPU
		{82C91C7E-132E-4616-B8BD-D30877D94F47}.Debug|Any CPU.Deploy.0 = Debug|Any CPU
		{82C91C7E-132E-4616-B8BD-D30877D94F47}.Debug|iPhone.ActiveCfg = Debug|Any CPU
		{82C91C7E-132E-4616-B8BD-D30877D94F47}.Debug|iPhone.Build.0 = Debug|Any CPU
		{82C91C7E-132E-4616-B8BD-D30877D94F47}.Debug|iPhone.Deploy.0 = Debug|Any CPU
		{82C91C7E-132E-4616-B8BD-D30877D94F47}.Debug|iPhoneSimulator.ActiveCfg = Debug|Any CPU
		{82C91C7E-132E-4616-B8BD-D30877D94F47}.Debug|iPhoneSimulator.Build.0 = Debug|Any CPU
		{82C91C7E-132E-4616-B8BD-D30877D94F47}.Debug|iPhoneSimulator.Deploy.0 = Debug|Any CPU
		{82C91C7E-132E-4616-B8BD-D30877D94F47}.Release|Any CPU.ActiveCfg = Release|Any CPU
		{82C91C7E-132E-4616-B8BD-D30877D94F47}.Release|Any CPU.Build.0 = Release|Any CPU
		{82C91C7E-132E-4616-B8BD-D30877D94F47}.Release|Any CPU.Deploy.0 = Release|Any CPU
		{82C91C7E-132E-4616-B8BD-D30877D94F47}.Release|iPhone.ActiveCfg = Release|Any CPU
		{82C91C7E-132E-4616-B8BD-D30877D94F47}.Release|iPhone.Build.0 = Release|Any CPU
		{82C91C7E-132E-4616-B8BD-D30877D94F47}.Release|iPhone.Deploy.0 = Release|Any CPU
		{82C91C7E-132E-4616-B8BD-D30877D94F47}.Release|iPhoneSimulator.ActiveCfg = Release|Any CPU
		{82C91C7E-132E-4616-B8BD-D30877D94F47}.Release|iPhoneSimulator.Build.0 = Release|Any CPU
		{82C91C7E-132E-4616-B8BD-D30877D94F47}.Release|iPhoneSimulator.Deploy.0 = Release|Any CPU
		{70FF56E4-FB4B-487B-AECD-B9D58CCBDD44}.Debug|Any CPU.ActiveCfg = Debug|iPhone
		{70FF56E4-FB4B-487B-AECD-B9D58CCBDD44}.Debug|Any CPU.Build.0 = Debug|iPhone
		{70FF56E4-FB4B-487B-AECD-B9D58CCBDD44}.Debug|Any CPU.Deploy.0 = Debug|iPhone
		{70FF56E4-FB4B-487B-AECD-B9D58CCBDD44}.Debug|iPhone.ActiveCfg = Debug|iPhone
		{70FF56E4-FB4B-487B-AECD-B9D58CCBDD44}.Debug|iPhone.Build.0 = Debug|iPhone
		{70FF56E4-FB4B-487B-AECD-B9D58CCBDD44}.Debug|iPhone.Deploy.0 = Debug|iPhone
		{70FF56E4-FB4B-487B-AECD-B9D58CCBDD44}.Debug|iPhoneSimulator.ActiveCfg = Debug|iPhoneSimulator
		{70FF56E4-FB4B-487B-AECD-B9D58CCBDD44}.Debug|iPhoneSimulator.Build.0 = Debug|iPhoneSimulator
		{70FF56E4-FB4B-487B-AECD-B9D58CCBDD44}.Debug|iPhoneSimulator.Deploy.0 = Debug|iPhoneSimulator
		{70FF56E4-FB4B-487B-AECD-B9D58CCBDD44}.Release|Any CPU.ActiveCfg = Release|iPhone
		{70FF56E4-FB4B-487B-AECD-B9D58CCBDD44}.Release|Any CPU.Build.0 = Release|iPhone
		{70FF56E4-FB4B-487B-AECD-B9D58CCBDD44}.Release|Any CPU.Deploy.0 = Release|iPhone
		{70FF56E4-FB4B-487B-AECD-B9D58CCBDD44}.Release|iPhone.ActiveCfg = Release|iPhone
		{70FF56E4-FB4B-487B-AECD-B9D58CCBDD44}.Release|iPhone.Build.0 = Release|iPhone
		{70FF56E4-FB4B-487B-AECD-B9D58CCBDD44}.Release|iPhone.Deploy.0 = Release|iPhone
		{70FF56E4-FB4B-487B-AECD-B9D58CCBDD44}.Release|iPhoneSimulator.ActiveCfg = Release|iPhoneSimulator
		{70FF56E4-FB4B-487B-AECD-B9D58CCBDD44}.Release|iPhoneSimulator.Build.0 = Release|iPhoneSimulator
		{70FF56E4-FB4B-487B-AECD-B9D58CCBDD44}.Release|iPhoneSimulator.Deploy.0 = Release|iPhoneSimulator
		{97730D0F-F7CC-40E9-AD3B-947D554EA950}.Debug|Any CPU.ActiveCfg = Debug|Any CPU
		{97730D0F-F7CC-40E9-AD3B-947D554EA950}.Debug|Any CPU.Build.0 = Debug|Any CPU
		{97730D0F-F7CC-40E9-AD3B-947D554EA950}.Debug|Any CPU.Deploy.0 = Debug|Any CPU
		{97730D0F-F7CC-40E9-AD3B-947D554EA950}.Debug|iPhone.ActiveCfg = Debug|Any CPU
		{97730D0F-F7CC-40E9-AD3B-947D554EA950}.Debug|iPhone.Build.0 = Debug|Any CPU
		{97730D0F-F7CC-40E9-AD3B-947D554EA950}.Debug|iPhone.Deploy.0 = Debug|Any CPU
		{97730D0F-F7CC-40E9-AD3B-947D554EA950}.Debug|iPhoneSimulator.ActiveCfg = Debug|Any CPU
		{97730D0F-F7CC-40E9-AD3B-947D554EA950}.Debug|iPhoneSimulator.Build.0 = Debug|Any CPU
		{97730D0F-F7CC-40E9-AD3B-947D554EA950}.Debug|iPhoneSimulator.Deploy.0 = Debug|Any CPU
		{97730D0F-F7CC-40E9-AD3B-947D554EA950}.Release|Any CPU.ActiveCfg = Release|Any CPU
		{97730D0F-F7CC-40E9-AD3B-947D554EA950}.Release|Any CPU.Build.0 = Release|Any CPU
		{97730D0F-F7CC-40E9-AD3B-947D554EA950}.Release|Any CPU.Deploy.0 = Release|Any CPU
		{97730D0F-F7CC-40E9-AD3B-947D554EA950}.Release|iPhone.ActiveCfg = Release|Any CPU
		{97730D0F-F7CC-40E9-AD3B-947D554EA950}.Release|iPhone.Build.0 = Release|Any CPU
		{97730D0F-F7CC-40E9-AD3B-947D554EA950}.Release|iPhone.Deploy.0 = Release|Any CPU
		{97730D0F-F7CC-40E9-AD3B-947D554EA950}.Release|iPhoneSimulator.ActiveCfg = Release|Any CPU
		{97730D0F-F7CC-40E9-AD3B-947D554EA950}.Release|iPhoneSimulator.Build.0 = Release|Any CPU
		{97730D0F-F7CC-40E9-AD3B-947D554EA950}.Release|iPhoneSimulator.Deploy.0 = Release|Any CPU
	EndGlobalSection
	GlobalSection(SolutionProperties) = preSolution
		HideSolutionNode = FALSE
	EndGlobalSection
	GlobalSection(ExtensibilityGlobals) = postSolution
		SolutionGuid = {628F4E06-DDEE-4AD4-9A6A-E4B4E41ECB24}
	EndGlobalSection
EndGlobal
